// !$*UTF8*$!
{
	archiveVersion = 1;
	classes = {
	};
	objectVersion = 55;
	objects = {

/* Begin PBXBuildFile section */
		1001 /* SyposMobileApp.swift in Sources */ = {isa = PBXBuildFile; fileRef = 2001 /* SyposMobileApp.swift */; };
		1002 /* ContentView.swift in Sources */ = {isa = PBXBuildFile; fileRef = 2002 /* ContentView.swift */; };
		1004 /* Enums.swift in Sources */ = {isa = PBXBuildFile; fileRef = 20040 /* Enums.swift */; };
		1005 /* Product.swift in Sources */ = {isa = PBXBuildFile; fileRef = 2005 /* Product.swift */; };
		1006 /* Ticket.swift in Sources */ = {isa = PBXBuildFile; fileRef = 2006 /* Ticket.swift */; };
		1007 /* Customer.swift in Sources */ = {isa = PBXBuildFile; fileRef = 2007 /* Customer.swift */; };
		1008 /* DataStore.swift in Sources */ = {isa = PBXBuildFile; fileRef = 2008 /* DataStore.swift */; };
		1009 /* BluetoothPrinterManager.swift in Sources */ = {isa = PBXBuildFile; fileRef = 2009 /* BluetoothPrinterManager.swift */; };
		1010 /* CameraBarcodeScannerView.swift in Sources */ = {isa = PBXBuildFile; fileRef = 2010 /* CameraBarcodeScannerView.swift */; };
		1011 /* LicenseManager.swift in Sources */ = {isa = PBXBuildFile; fileRef = 2011 /* LicenseManager.swift */; };
		1012 /* PdfExportManager.swift in Sources */ = {isa = PBXBuildFile; fileRef = 2012 /* PdfExportManager.swift */; };
		1013 /* PosViewModel.swift in Sources */ = {isa = PBXBuildFile; fileRef = 2013 /* PosViewModel.swift */; };
		1014 /* ProductViewModel.swift in Sources */ = {isa = PBXBuildFile; fileRef = 2014 /* ProductViewModel.swift */; };
		1015 /* HistoryViewModel.swift in Sources */ = {isa = PBXBuildFile; fileRef = 2015 /* HistoryViewModel.swift */; };
		1016 /* ReportViewModel.swift in Sources */ = {isa = PBXBuildFile; fileRef = 2016 /* ReportViewModel.swift */; };
		1017 /* CustomerViewModel.swift in Sources */ = {isa = PBXBuildFile; fileRef = 2017 /* CustomerViewModel.swift */; };
		1018 /* PosView.swift in Sources */ = {isa = PBXBuildFile; fileRef = 2018 /* PosView.swift */; };
		1019 /* CartSheetView.swift in Sources */ = {isa = PBXBuildFile; fileRef = 2019 /* CartSheetView.swift */; };
		1020 /* ProductListView.swift in Sources */ = {isa = PBXBuildFile; fileRef = 2020 /* ProductListView.swift */; };
		1021 /* HistoryView.swift in Sources */ = {isa = PBXBuildFile; fileRef = 2021 /* HistoryView.swift */; };
		1022 /* ReportView.swift in Sources */ = {isa = PBXBuildFile; fileRef = 2022 /* ReportView.swift */; };
		1023 /* CustomerListView.swift in Sources */ = {isa = PBXBuildFile; fileRef = 2023 /* CustomerListView.swift */; };
		1024 /* ToolsView.swift in Sources */ = {isa = PBXBuildFile; fileRef = 2024 /* ToolsView.swift */; };
		1025 /* SettingsView.swift in Sources */ = {isa = PBXBuildFile; fileRef = 2025 /* SettingsView.swift */; };
		1026 /* PinAuthSheetView.swift in Sources */ = {isa = PBXBuildFile; fileRef = 2026 /* PinAuthSheetView.swift */; };
		1027 /* LicenseActivationView.swift in Sources */ = {isa = PBXBuildFile; fileRef = 2027 /* LicenseActivationView.swift */; };
/* End PBXBuildFile section */

/* Begin PBXFileReference section */
		2001 /* SyposMobileApp.swift */ = {isa = PBXFileReference; lastKnownFileType = sourcecode.swift; path = "App/SyposMobileApp.swift"; sourceTree = "<group>"; };
		2002 /* ContentView.swift */ = {isa = PBXFileReference; lastKnownFileType = sourcecode.swift; path = "App/ContentView.swift"; sourceTree = "<group>"; };
		2004 /* SyposMobile.app */ = {isa = PBXFileReference; explicitFileType = wrapper.application; includeInIndex = 0; path = "SyposMobile.app"; sourceTree = BUILT_PRODUCTS_DIR; };
		20040 /* Enums.swift */ = {isa = PBXFileReference; lastKnownFileType = sourcecode.swift; path = "Models/Enums.swift"; sourceTree = "<group>"; };
		2005 /* Product.swift */ = {isa = PBXFileReference; lastKnownFileType = sourcecode.swift; path = "Models/Product.swift"; sourceTree = "<group>"; };
		2006 /* Ticket.swift */ = {isa = PBXFileReference; lastKnownFileType = sourcecode.swift; path = "Models/Ticket.swift"; sourceTree = "<group>"; };
		2007 /* Customer.swift */ = {isa = PBXFileReference; lastKnownFileType = sourcecode.swift; path = "Models/Customer.swift"; sourceTree = "<group>"; };
		2008 /* DataStore.swift */ = {isa = PBXFileReference; lastKnownFileType = sourcecode.swift; path = "Database/DataStore.swift"; sourceTree = "<group>"; };
		2009 /* BluetoothPrinterManager.swift */ = {isa = PBXFileReference; lastKnownFileType = sourcecode.swift; path = "Bluetooth/BluetoothPrinterManager.swift"; sourceTree = "<group>"; };
		2010 /* CameraBarcodeScannerView.swift */ = {isa = PBXFileReference; lastKnownFileType = sourcecode.swift; path = "Scanner/CameraBarcodeScannerView.swift"; sourceTree = "<group>"; };
		2011 /* LicenseManager.swift */ = {isa = PBXFileReference; lastKnownFileType = sourcecode.swift; path = "Helpers/LicenseManager.swift"; sourceTree = "<group>"; };
		2012 /* PdfExportManager.swift */ = {isa = PBXFileReference; lastKnownFileType = sourcecode.swift; path = "Helpers/PdfExportManager.swift"; sourceTree = "<group>"; };
		2013 /* PosViewModel.swift */ = {isa = PBXFileReference; lastKnownFileType = sourcecode.swift; path = "ViewModels/PosViewModel.swift"; sourceTree = "<group>"; };
		2014 /* ProductViewModel.swift */ = {isa = PBXFileReference; lastKnownFileType = sourcecode.swift; path = "ViewModels/ProductViewModel.swift"; sourceTree = "<group>"; };
		2015 /* HistoryViewModel.swift */ = {isa = PBXFileReference; lastKnownFileType = sourcecode.swift; path = "ViewModels/HistoryViewModel.swift"; sourceTree = "<group>"; };
		2016 /* ReportViewModel.swift */ = {isa = PBXFileReference; lastKnownFileType = sourcecode.swift; path = "ViewModels/ReportViewModel.swift"; sourceTree = "<group>"; };
		2017 /* CustomerViewModel.swift */ = {isa = PBXFileReference; lastKnownFileType = sourcecode.swift; path = "ViewModels/CustomerViewModel.swift"; sourceTree = "<group>"; };
		2018 /* PosView.swift */ = {isa = PBXFileReference; lastKnownFileType = sourcecode.swift; path = "Views/Pos/PosView.swift"; sourceTree = "<group>"; };
		2019 /* CartSheetView.swift */ = {isa = PBXFileReference; lastKnownFileType = sourcecode.swift; path = "Views/Pos/CartSheetView.swift"; sourceTree = "<group>"; };
		2020 /* ProductListView.swift */ = {isa = PBXFileReference; lastKnownFileType = sourcecode.swift; path = "Views/Product/ProductListView.swift"; sourceTree = "<group>"; };
		2021 /* HistoryView.swift */ = {isa = PBXFileReference; lastKnownFileType = sourcecode.swift; path = "Views/History/HistoryView.swift"; sourceTree = "<group>"; };
		2022 /* ReportView.swift */ = {isa = PBXFileReference; lastKnownFileType = sourcecode.swift; path = "Views/Report/ReportView.swift"; sourceTree = "<group>"; };
		2023 /* CustomerListView.swift */ = {isa = PBXFileReference; lastKnownFileType = sourcecode.swift; path = "Views/Customer/CustomerListView.swift"; sourceTree = "<group>"; };
		2024 /* ToolsView.swift */ = {isa = PBXFileReference; lastKnownFileType = sourcecode.swift; path = "Views/Tools/ToolsView.swift"; sourceTree = "<group>"; };
		2025 /* SettingsView.swift */ = {isa = PBXFileReference; lastKnownFileType = sourcecode.swift; path = "Views/Settings/SettingsView.swift"; sourceTree = "<group>"; };
		2026 /* PinAuthSheetView.swift */ = {isa = PBXFileReference; lastKnownFileType = sourcecode.swift; path = "Views/Auth/PinAuthSheetView.swift"; sourceTree = "<group>"; };
		2027 /* LicenseActivationView.swift */ = {isa = PBXFileReference; lastKnownFileType = sourcecode.swift; path = "Views/Auth/LicenseActivationView.swift"; sourceTree = "<group>"; };
/* End PBXFileReference section */

/* Begin PBXFrameworksBuildPhase section */
		3001 /* Frameworks */ = {
			isa = PBXFrameworksBuildPhase;
			buildActionMask = 2147483647;
			files = (
			);
			runOnlyForDeploymentPostprocessing = 0;
		};
/* End PBXFrameworksBuildPhase section */

/* Begin PBXGroup section */
		4001 = {
			isa = PBXGroup;
			children = (
				4002 /* SyposMobile */,
				2004 /* SyposMobile.app */,
			);
			sourceTree = "<group>";
		};
		4002 /* SyposMobile */ = {
			isa = PBXGroup;
			children = (
				2001 /* SyposMobileApp.swift */,
				2002 /* ContentView.swift */,
				20040 /* Enums.swift */,
				2005 /* Product.swift */,
				2006 /* Ticket.swift */,
				2007 /* Customer.swift */,
				2008 /* DataStore.swift */,
				2009 /* BluetoothPrinterManager.swift */,
				2010 /* CameraBarcodeScannerView.swift */,
				2011 /* LicenseManager.swift */,
				2012 /* PdfExportManager.swift */,
				2013 /* PosViewModel.swift */,
				2014 /* ProductViewModel.swift */,
				2015 /* HistoryViewModel.swift */,
				2016 /* ReportViewModel.swift */,
				2017 /* CustomerViewModel.swift */,
				2018 /* PosView.swift */,
				2019 /* CartSheetView.swift */,
				2020 /* ProductListView.swift */,
				2021 /* HistoryView.swift */,
				2022 /* ReportView.swift */,
				2023 /* CustomerListView.swift */,
				2024 /* ToolsView.swift */,
				2025 /* SettingsView.swift */,
				2026 /* PinAuthSheetView.swift */,
				2027 /* LicenseActivationView.swift */,
			);
			name = SyposMobile;
			path = SyposMobile;
			sourceTree = "<group>";
		};
/* End PBXGroup section */

/* Begin PBXNativeTarget section */
		5001 /* SyposMobile */ = {
			isa = PBXNativeTarget;
			buildConfigurationList = 6001 /* Build configuration list for PBXNativeTarget "SyposMobile" */;
			buildPhases = (
				7001 /* Sources */,
				3001 /* Frameworks */,
				7002 /* Resources */,
			);
			buildRules = (
			);
			dependencies = (
			);
			name = SyposMobile;
			productName = SyposMobile;
			productReference = 2004 /* SyposMobile.app */;
			productType = "com.apple.product-type.application";
		};
/* End PBXNativeTarget section */

/* Begin PBXProject section */
		8001 /* Project object */ = {
			isa = PBXProject;
			attributes = {
				BuildIndependentTargetsInParallel = 1;
				LastSwiftUpdateCheck = 1420;
				LastUpgradeCheck = 1420;
				TargetAttributes = {
					5001 = {
						CreatedOnToolsVersion = 14.2;
					};
				};
			};
			buildConfigurationList = 6002 /* Build configuration list for PBXProject "SyposMobile" */;
			compatibilityVersion = "Xcode 14.0";
			developmentRegion = fr;
			hasScannedForEncodings = 0;
			knownRegions = (
				fr,
				Base,
			);
			mainGroup = 4001;
			productRefGroup = 4001;
			projectDirPath = "";
			projectRoot = "";
			targets = (
				5001 /* SyposMobile */,
			);
		};
/* End PBXProject section */

/* Begin PBXResourcesBuildPhase section */
		7002 /* Resources */ = {
			isa = PBXResourcesBuildPhase;
			buildActionMask = 2147483647;
			files = (
			);
			runOnlyForDeploymentPostprocessing = 0;
		};
/* End PBXResourcesBuildPhase section */

/* Begin PBXSourcesBuildPhase section */
		7001 /* Sources */ = {
			isa = PBXSourcesBuildPhase;
			buildActionMask = 2147483647;
			files = (
				1001 /* SyposMobileApp.swift in Sources */,
				1002 /* ContentView.swift in Sources */,
				1004 /* Enums.swift in Sources */,
				1005 /* Product.swift in Sources */,
				1006 /* Ticket.swift in Sources */,
				1007 /* Customer.swift in Sources */,
				1008 /* DataStore.swift in Sources */,
				1009 /* BluetoothPrinterManager.swift in Sources */,
				1010 /* CameraBarcodeScannerView.swift in Sources */,
				1011 /* LicenseManager.swift in Sources */,
				1012 /* PdfExportManager.swift in Sources */,
				1013 /* PosViewModel.swift in Sources */,
				1014 /* ProductViewModel.swift in Sources */,
				1015 /* HistoryViewModel.swift in Sources */,
				1016 /* ReportViewModel.swift in Sources */,
				1017 /* CustomerViewModel.swift in Sources */,
				1018 /* PosView.swift in Sources */,
				1019 /* CartSheetView.swift in Sources */,
				1020 /* ProductListView.swift in Sources */,
				1021 /* HistoryView.swift in Sources */,
				1022 /* ReportView.swift in Sources */,
				1023 /* CustomerListView.swift in Sources */,
				1024 /* ToolsView.swift in Sources */,
				1025 /* SettingsView.swift in Sources */,
				1026 /* PinAuthSheetView.swift in Sources */,
				1027 /* LicenseActivationView.swift in Sources */,
			);
			runOnlyForDeploymentPostprocessing = 0;
		};
/* End PBXSourcesBuildPhase section */

/* Begin XCBuildConfiguration section */
		9001 /* Debug */ = {
			isa = XCBuildConfiguration;
			buildSettings = {
				ALWAYS_SEARCH_USER_PATHS = NO;
				CLANG_ANALYZER_NONNULL = YES;
				CLANG_CXX_LANGUAGE_STANDARD = "gnu++20";
				CLANG_ENABLE_MODULES = YES;
				CLANG_ENABLE_OBJC_ARC = YES;
				COPY_PHASE_STRIP = NO;
				DEBUG_INFORMATION_FORMAT = dwarf;
				ENABLE_STRICT_OBJC_MSGSEND = YES;
				ENABLE_TESTABILITY = YES;
				GCC_DYNAMIC_NO_PIC = NO;
				GCC_NO_COMMON_BLOCKS = YES;
				GCC_OPTIMIZATION_LEVEL = 0;
				GCC_PREPROCESSOR_DEFINITIONS = (
					"DEBUG=1",
					"$(inherited)",
				);
				GCC_WARN_64_TO_32_BIT_CONVERSION = YES;
				GCC_WARN_ABOUT_RETURN_TYPE = YES_ERROR;
				GCC_WARN_UNDECLARED_SELECTOR = YES;
				GCC_WARN_UNINITIALIZED_AUTOS = YES_AGGRESSIVE;
				GCC_WARN_UNUSED_FUNCTION = YES;
				GCC_WARN_UNUSED_VARIABLE = YES;
				IPHONEOS_DEPLOYMENT_TARGET = 15.0;
				MTL_ENABLE_DEBUG_INFO = INCLUDE_SOURCE;
				MTL_FAST_MATH = YES;
				ONLY_ACTIVE_ARCH = YES;
				SDKROOT = iphoneos;
				SWIFT_ACTIVE_COMPILATION_CONDITIONS = DEBUG;
				SWIFT_OPTIMIZATION_LEVEL = "-Onone";
			};
			name = Debug;
		};
		9002 /* Release */ = {
			isa = XCBuildConfiguration;
			buildSettings = {
				ALWAYS_SEARCH_USER_PATHS = NO;
				CLANG_ANALYZER_NONNULL = YES;
				CLANG_CXX_LANGUAGE_STANDARD = "gnu++20";
				CLANG_ENABLE_MODULES = YES;
				CLANG_ENABLE_OBJC_ARC = YES;
				COPY_PHASE_STRIP = NO;
				DEBUG_INFORMATION_FORMAT = "dwarf-with-dsym";
				ENABLE_NS_ASSERTIONS = NO;
				ENABLE_STRICT_OBJC_MSGSEND = YES;
				GCC_NO_COMMON_BLOCKS = YES;
				GCC_WARN_64_TO_32_BIT_CONVERSION = YES;
				GCC_WARN_ABOUT_RETURN_TYPE = YES_ERROR;
				GCC_WARN_UNDECLARED_SELECTOR = YES;
				GCC_WARN_UNINITIALIZED_AUTOS = YES_AGGRESSIVE;
				GCC_WARN_UNUSED_FUNCTION = YES;
				GCC_WARN_UNUSED_VARIABLE = YES;
				IPHONEOS_DEPLOYMENT_TARGET = 15.0;
				MTL_ENABLE_DEBUG_INFO = NO;
				MTL_FAST_MATH = YES;
				SDKROOT = iphoneos;
				SWIFT_COMPILATION_MODE = wholemodule;
				SWIFT_OPTIMIZATION_LEVEL = "-O";
			};
			name = Release;
		};
		9003 /* Debug Target */ = {
			isa = XCBuildConfiguration;
			buildSettings = {
				ASSETCATALOG_COMPILER_APPICON_NAME = AppIcon;
				CODE_SIGN_STYLE = Automatic;
				CURRENT_PROJECT_VERSION = 1;
				GENERATE_INFOPLIST_FILE = YES;
				INFOPLIST_KEY_CFBundleDisplayName = "SYPOS Mobile";
				INFOPLIST_KEY_NSCameraUsageDescription = "SYPOS Mobile utilise la caméra pour scanner les codes-barres.";
				INFOPLIST_KEY_NSBluetoothAlwaysUsageDescription = "SYPOS Mobile utilise le Bluetooth pour imprimer les tickets de caisse.";
				INFOPLIST_KEY_NSBluetoothPeripheralUsageDescription = "SYPOS Mobile utilise le Bluetooth pour l'impression thermique.";
				INFOPLIST_KEY_UIBackgroundModes = "bluetooth-central";
				INFOPLIST_KEY_UILaunchScreen_Generation = YES;
				INFOPLIST_KEY_UISupportedInterfaceOrientations = "UIInterfaceOrientationPortrait";
				LD_RUNPATH_SEARCH_PATHS = (
					"$(inherited)",
					"@executable_path/Frameworks",
				);
				MARKETING_VERSION = 2.3;
				PRODUCT_BUNDLE_IDENTIFIER = com.sypos.mobile.ios;
				PRODUCT_NAME = "$(TARGET_NAME)";
				SWIFT_EMIT_LOC_STRINGS = YES;
				SWIFT_VERSION = 5.0;
				TARGETED_DEVICE_FAMILY = "1,2";
			};
			name = Debug;
		};
		9004 /* Release Target */ = {
			isa = XCBuildConfiguration;
			buildSettings = {
				ASSETCATALOG_COMPILER_APPICON_NAME = AppIcon;
				CODE_SIGN_STYLE = Automatic;
				CURRENT_PROJECT_VERSION = 1;
				GENERATE_INFOPLIST_FILE = YES;
				INFOPLIST_KEY_CFBundleDisplayName = "SYPOS Mobile";
				INFOPLIST_KEY_NSCameraUsageDescription = "SYPOS Mobile utilise la caméra pour scanner les codes-barres.";
				INFOPLIST_KEY_NSBluetoothAlwaysUsageDescription = "SYPOS Mobile utilise le Bluetooth pour imprimer les tickets de caisse.";
				INFOPLIST_KEY_NSBluetoothPeripheralUsageDescription = "SYPOS Mobile utilise le Bluetooth pour l'impression thermique.";
				INFOPLIST_KEY_UIBackgroundModes = "bluetooth-central";
				INFOPLIST_KEY_UILaunchScreen_Generation = YES;
				INFOPLIST_KEY_UISupportedInterfaceOrientations = "UIInterfaceOrientationPortrait";
				LD_RUNPATH_SEARCH_PATHS = (
					"$(inherited)",
					"@executable_path/Frameworks",
				);
				MARKETING_VERSION = 2.3;
				PRODUCT_BUNDLE_IDENTIFIER = com.sypos.mobile.ios;
				PRODUCT_NAME = "$(TARGET_NAME)";
				SWIFT_EMIT_LOC_STRINGS = YES;
				SWIFT_VERSION = 5.0;
				TARGETED_DEVICE_FAMILY = "1,2";
			};
			name = Release;
		};
/* End XCBuildConfiguration section */

/* Begin XCConfigurationList section */
		6001 /* Build configuration list for PBXNativeTarget "SyposMobile" */ = {
			isa = XCConfigurationList;
			buildConfigurations = (
				9003 /* Debug Target */,
				9004 /* Release Target */,
			);
			defaultConfigurationIsVisible = 0;
			defaultConfigurationName = Release;
		};
		6002 /* Build configuration list for PBXProject "SyposMobile" */ = {
			isa = XCConfigurationList;
			buildConfigurations = (
				9001 /* Debug */,
				9002 /* Release */,
			);
			defaultConfigurationIsVisible = 0;
			defaultConfigurationName = Release;
		};
/* End XCConfigurationList section */
	};
	rootObject = 8001 /* Project object */;
}
